
Microsoft Visual Studio Solution File, Format Version 12.00
# Visual Studio 15
VisualStudioVersion = 15.0.27703.2035
MinimumVisualStudioVersion = 10.0.40219.1
Project("{888888A0-9F3D-457C-B088-3A5042F75D52}") = "Perceptron", "Perceptron\Perceptron.pyproj", "{EB7765DF-B660-4BA6-93D7-40B8E085E963}"
EndProject
Global
	GlobalSection(SolutionConfigurationPlatforms) = preSolution
		Debug|Any CPU = Debug|Any CPU
		Release|Any CPU = Release|Any CPU
	EndGlobalSection
	GlobalSection(ProjectConfigurationPlatforms) = postSolution
		{EB7765DF-B660-4BA6-93D7-40B8E085E963}.Debug|Any CPU.ActiveCfg = Debug|Any CPU
		{EB7765DF-B660-4BA6-93D7-40B8E085E963}.Release|Any CPU.ActiveCfg = Release|Any CPU
	EndGlobalSection
	GlobalSection(SolutionProperties) = preSolution
		HideSolutionNode = FALSE
	EndGlobalSection
	GlobalSection(ExtensibilityGlobals) = postSolution
		SolutionGuid = {54964003-E2A6-43DE-9AC0-F26BFA6F1E5B}
	EndGlobalSection
EndGlobal
